
Microsoft Visual Studio Solution File, Format Version 12.00
# Visual Studio 15
VisualStudioVersion = 15.0.26403.7
MinimumVisualStudioVersion = 10.0.40219.1
Project("{FAE04EC0-301F-11D3-BF4B-00C04F79EFBC}") = "IronBefunge.Core", "IronBefunge.Core\IronBefunge.Core.csproj", "{D5BF2B16-B170-45E4-8D4A-5AA7D6ACBAB0}"
EndProject
Project("{FAE04EC0-301F-11D3-BF4B-00C04F79EFBC}") = "IronBefunge.Core.Tests", "IronBefunge.Core.Tests\IronBefunge.Core.Tests.csproj", "{10921143-1848-46B5-BADE-0BC2C9D041FA}"
EndProject
Project("{FAE04EC0-301F-11D3-BF4B-00C04F79EFBC}") = "IronBefunge.NETCore", "IronBefunge.NETCore\IronBefunge.NETCore.csproj", "{4767C0F4-7CE1-4E0A-B603-FAFEEBFBA023}"
EndProject
Project("{FAE04EC0-301F-11D3-BF4B-00C04F79EFBC}") = "IronBefunge.NETFramework", "IronBefunge.NETFramework\IronBefunge.NETFramework.csproj", "{AD5D5FD6-9124-4027-AD18-720931784D36}"
EndProject
Global
	GlobalSection(SolutionConfigurationPlatforms) = preSolution
		Debug|Any CPU = Debug|Any CPU
		Release|Any CPU = Release|Any CPU
	EndGlobalSection
	GlobalSection(ProjectConfigurationPlatforms) = postSolution
		{D5BF2B16-B170-45E4-8D4A-5AA7D6ACBAB0}.Debug|Any CPU.ActiveCfg = Debug|Any CPU
		{D5BF2B16-B170-45E4-8D4A-5AA7D6ACBAB0}.Debug|Any CPU.Build.0 = Debug|Any CPU
		{D5BF2B16-B170-45E4-8D4A-5AA7D6ACBAB0}.Release|Any CPU.ActiveCfg = Release|Any CPU
		{D5BF2B16-B170-45E4-8D4A-5AA7D6ACBAB0}.Release|Any CPU.Build.0 = Release|Any CPU
		{10921143-1848-46B5-BADE-0BC2C9D041FA}.Debug|Any CPU.ActiveCfg = Debug|Any CPU
		{10921143-1848-46B5-BADE-0BC2C9D041FA}.Debug|Any CPU.Build.0 = Debug|Any CPU
		{10921143-1848-46B5-BADE-0BC2C9D041FA}.Release|Any CPU.ActiveCfg = Release|Any CPU
		{10921143-1848-46B5-BADE-0BC2C9D041FA}.Release|Any CPU.Build.0 = Release|Any CPU
		{4767C0F4-7CE1-4E0A-B603-FAFEEBFBA023}.Debug|Any CPU.ActiveCfg = Debug|Any CPU
		{4767C0F4-7CE1-4E0A-B603-FAFEEBFBA023}.Debug|Any CPU.Build.0 = Debug|Any CPU
		{4767C0F4-7CE1-4E0A-B603-FAFEEBFBA023}.Release|Any CPU.ActiveCfg = Release|Any CPU
		{4767C0F4-7CE1-4E0A-B603-FAFEEBFBA023}.Release|Any CPU.Build.0 = Release|Any CPU
		{AD5D5FD6-9124-4027-AD18-720931784D36}.Debug|Any CPU.ActiveCfg = Debug|Any CPU
		{AD5D5FD6-9124-4027-AD18-720931784D36}.Debug|Any CPU.Build.0 = Debug|Any CPU
		{AD5D5FD6-9124-4027-AD18-720931784D36}.Release|Any CPU.ActiveCfg = Release|Any CPU
		{AD5D5FD6-9124-4027-AD18-720931784D36}.Release|Any CPU.Build.0 = Release|Any CPU
	EndGlobalSection
	GlobalSection(SolutionProperties) = preSolution
		HideSolutionNode = FALSE
	EndGlobalSection
EndGlobal
