
Microsoft Visual Studio Solution File, Format Version 12.00
# Visual Studio 15
VisualStudioVersion = 15.0.26403.7
MinimumVisualStudioVersion = 10.0.40219.1
Project("{9A19103F-16F7-4668-BE54-9A1E7A4F7556}") = "IronBefunge", "IronBefunge\IronBefunge.csproj", "{D5BF2B16-B170-45E4-8D4A-5AA7D6ACBAB0}"
EndProject
Project("{9A19103F-16F7-4668-BE54-9A1E7A4F7556}") = "IronBefunge.Tests", "IronBefunge.Tests\IronBefunge.Tests.csproj", "{10921143-1848-46B5-BADE-0BC2C9D041FA}"
EndProject
Project("{9A19103F-16F7-4668-BE54-9A1E7A4F7556}") = "IronBefunge.Host", "IronBefunge.Host\IronBefunge.Host.csproj", "{8FD4B80C-07A3-4310-8484-F550F3AC9FBD}"
EndProject
Global
	GlobalSection(SolutionConfigurationPlatforms) = preSolution
		Debug|Any CPU = Debug|Any CPU
		Release|Any CPU = Release|Any CPU
	EndGlobalSection
	GlobalSection(ProjectConfigurationPlatforms) = postSolution
		{D5BF2B16-B170-45E4-8D4A-5AA7D6ACBAB0}.Debug|Any CPU.ActiveCfg = Debug|Any CPU
		{D5BF2B16-B170-45E4-8D4A-5AA7D6ACBAB0}.Debug|Any CPU.Build.0 = Debug|Any CPU
		{D5BF2B16-B170-45E4-8D4A-5AA7D6ACBAB0}.Release|Any CPU.ActiveCfg = Release|Any CPU
		{D5BF2B16-B170-45E4-8D4A-5AA7D6ACBAB0}.Release|Any CPU.Build.0 = Release|Any CPU
		{10921143-1848-46B5-BADE-0BC2C9D041FA}.Debug|Any CPU.ActiveCfg = Debug|Any CPU
		{10921143-1848-46B5-BADE-0BC2C9D041FA}.Debug|Any CPU.Build.0 = Debug|Any CPU
		{10921143-1848-46B5-BADE-0BC2C9D041FA}.Release|Any CPU.ActiveCfg = Release|Any CPU
		{10921143-1848-46B5-BADE-0BC2C9D041FA}.Release|Any CPU.Build.0 = Release|Any CPU
		{8FD4B80C-07A3-4310-8484-F550F3AC9FBD}.Debug|Any CPU.ActiveCfg = Debug|Any CPU
		{8FD4B80C-07A3-4310-8484-F550F3AC9FBD}.Debug|Any CPU.Build.0 = Debug|Any CPU
		{8FD4B80C-07A3-4310-8484-F550F3AC9FBD}.Release|Any CPU.ActiveCfg = Release|Any CPU
		{8FD4B80C-07A3-4310-8484-F550F3AC9FBD}.Release|Any CPU.Build.0 = Release|Any CPU
	EndGlobalSection
	GlobalSection(SolutionProperties) = preSolution
		HideSolutionNode = FALSE
	EndGlobalSection
	GlobalSection(ExtensibilityGlobals) = postSolution
		SolutionGuid = {29BC4604-8DE6-4C66-A631-D08F81B9A0F7}
	EndGlobalSection
EndGlobal
